
Microsoft Visual Studio Solution File, Format Version 12.00
# Visual Studio Version 17
VisualStudioVersion = 17.14.36109.1 d17.14
MinimumVisualStudioVersion = 10.0.40219.1
Project("{FAE04EC0-301F-11D3-BF4B-00C04F79EFBC}") = "CRUD-FirstAPI", "CRUD-FirstAPI\CRUD-FirstAPI.csproj", "{CEE5DC7A-7853-4469-B17A-C05AA10773D2}"
EndProject
Global
	GlobalSection(SolutionConfigurationPlatforms) = preSolution
		Debug|Any CPU = Debug|Any CPU
		Release|Any CPU = Release|Any CPU
	EndGlobalSection
	GlobalSection(ProjectConfigurationPlatforms) = postSolution
		{CEE5DC7A-7853-4469-B17A-C05AA10773D2}.Debug|Any CPU.ActiveCfg = Debug|Any CPU
		{CEE5DC7A-7853-4469-B17A-C05AA10773D2}.Debug|Any CPU.Build.0 = Debug|Any CPU
		{CEE5DC7A-7853-4469-B17A-C05AA10773D2}.Release|Any CPU.ActiveCfg = Release|Any CPU
		{CEE5DC7A-7853-4469-B17A-C05AA10773D2}.Release|Any CPU.Build.0 = Release|Any CPU
	EndGlobalSection
	GlobalSection(SolutionProperties) = preSolution
		HideSolutionNode = FALSE
	EndGlobalSection
	GlobalSection(ExtensibilityGlobals) = postSolution
		SolutionGuid = {E0692078-A704-4018-A217-7B77EE1EEE91}
	EndGlobalSection
EndGlobal
